
Microsoft Visual Studio Solution File, Format Version 12.00
# Visual Studio 15
VisualStudioVersion = 15.0.28307.1972
MinimumVisualStudioVersion = 10.0.40219.1
Project("{FAE04EC0-301F-11D3-BF4B-00C04F79EFBC}") = "Лаб_14", "Лаб_14\Лаб_14.csproj", "{98851424-EA7D-4583-BE95-1981CA1235B7}"
EndProject
Global
	GlobalSection(SolutionConfigurationPlatforms) = preSolution
		Debug|Any CPU = Debug|Any CPU
		Release|Any CPU = Release|Any CPU
	EndGlobalSection
	GlobalSection(ProjectConfigurationPlatforms) = postSolution
		{98851424-EA7D-4583-BE95-1981CA1235B7}.Debug|Any CPU.ActiveCfg = Debug|Any CPU
		{98851424-EA7D-4583-BE95-1981CA1235B7}.Debug|Any CPU.Build.0 = Debug|Any CPU
		{98851424-EA7D-4583-BE95-1981CA1235B7}.Release|Any CPU.ActiveCfg = Release|Any CPU
		{98851424-EA7D-4583-BE95-1981CA1235B7}.Release|Any CPU.Build.0 = Release|Any CPU
	EndGlobalSection
	GlobalSection(SolutionProperties) = preSolution
		HideSolutionNode = FALSE
	EndGlobalSection
	GlobalSection(ExtensibilityGlobals) = postSolution
		SolutionGuid = {90C4828A-20C1-4FF0-A146-6678F2A09EC6}
	EndGlobalSection
EndGlobal
